// !$*UTF8*$!
{
	archiveVersion = 1;
	classes = {
	};
	objectVersion = 50;
	objects = {

/* Begin PBXBuildFile section */
		C002AEE8223F367C0038C3C9 /* AppDelegate.swift in Sources */ = {isa = PBXBuildFile; fileRef = C002AEE7223F367C0038C3C9 /* AppDelegate.swift */; };
		C002AEEA223F367C0038C3C9 /* CameraViewController.swift in Sources */ = {isa = PBXBuildFile; fileRef = C002AEE9223F367C0038C3C9 /* CameraViewController.swift */; };
		C002AEED223F367C0038C3C9 /* Main.storyboard in Resources */ = {isa = PBXBuildFile; fileRef = C002AEEB223F367C0038C3C9 /* Main.storyboard */; };
		C002AEEF223F367E0038C3C9 /* Assets.xcassets in Resources */ = {isa = PBXBuildFile; fileRef = C002AEEE223F367E0038C3C9 /* Assets.xcassets */; };
		C002AEF2223F367E0038C3C9 /* LaunchScreen.storyboard in Resources */ = {isa = PBXBuildFile; fileRef = C002AEF0223F367E0038C3C9 /* LaunchScreen.storyboard */; };
		C002AEFD223F367E0038C3C9 /* FinishJudgerTests.swift in Sources */ = {isa = PBXBuildFile; fileRef = C002AEFC223F367E0038C3C9 /* FinishJudgerTests.swift */; };
		C002AF08223F367E0038C3C9 /* FinishJudgerUITests.swift in Sources */ = {isa = PBXBuildFile; fileRef = C002AF07223F367E0038C3C9 /* FinishJudgerUITests.swift */; };
		C06D9EFC223FE8D300BF6EAE /* CameraView.swift in Sources */ = {isa = PBXBuildFile; fileRef = C06D9EFB223FE8D300BF6EAE /* CameraView.swift */; };
		C06D9F00224086CD00BF6EAE /* VideoPlayViewController.swift in Sources */ = {isa = PBXBuildFile; fileRef = C06D9EFF224086CD00BF6EAE /* VideoPlayViewController.swift */; };
/* End PBXBuildFile section */

/* Begin PBXContainerItemProxy section */
		C002AEF9223F367E0038C3C9 /* PBXContainerItemProxy */ = {
			isa = PBXContainerItemProxy;
			containerPortal = C002AEDC223F367C0038C3C9 /* Project object */;
			proxyType = 1;
			remoteGlobalIDString = C002AEE3223F367C0038C3C9;
			remoteInfo = FinishJudger;
		};
		C002AF04223F367E0038C3C9 /* PBXContainerItemProxy */ = {
			isa = PBXContainerItemProxy;
			containerPortal = C002AEDC223F367C0038C3C9 /* Project object */;
			proxyType = 1;
			remoteGlobalIDString = C002AEE3223F367C0038C3C9;
			remoteInfo = FinishJudger;
		};
/* End PBXContainerItemProxy section */

/* Begin PBXFileReference section */
		C002AEE4223F367C0038C3C9 /* FinishJudger.app */ = {isa = PBXFileReference; explicitFileType = wrapper.application; includeInIndex = 0; path = FinishJudger.app; sourceTree = BUILT_PRODUCTS_DIR; };
		C002AEE7223F367C0038C3C9 /* AppDelegate.swift */ = {isa = PBXFileReference; lastKnownFileType = sourcecode.swift; path = AppDelegate.swift; sourceTree = "<group>"; };
		C002AEE9223F367C0038C3C9 /* CameraViewController.swift */ = {isa = PBXFileReference; lastKnownFileType = sourcecode.swift; path = CameraViewController.swift; sourceTree = "<group>"; };
		C002AEEC223F367C0038C3C9 /* Base */ = {isa = PBXFileReference; lastKnownFileType = file.storyboard; name = Base; path = Base.lproj/Main.storyboard; sourceTree = "<group>"; };
		C002AEEE223F367E0038C3C9 /* Assets.xcassets */ = {isa = PBXFileReference; lastKnownFileType = folder.assetcatalog; path = Assets.xcassets; sourceTree = "<group>"; };
		C002AEF1223F367E0038C3C9 /* Base */ = {isa = PBXFileReference; lastKnownFileType = file.storyboard; name = Base; path = Base.lproj/LaunchScreen.storyboard; sourceTree = "<group>"; };
		C002AEF3223F367E0038C3C9 /* Info.plist */ = {isa = PBXFileReference; lastKnownFileType = text.plist.xml; path = Info.plist; sourceTree = "<group>"; };
		C002AEF8223F367E0038C3C9 /* FinishJudgerTests.xctest */ = {isa = PBXFileReference; explicitFileType = wrapper.cfbundle; includeInIndex = 0; path = FinishJudgerTests.xctest; sourceTree = BUILT_PRODUCTS_DIR; };
		C002AEFC223F367E0038C3C9 /* FinishJudgerTests.swift */ = {isa = PBXFileReference; lastKnownFileType = sourcecode.swift; path = FinishJudgerTests.swift; sourceTree = "<group>"; };
		C002AEFE223F367E0038C3C9 /* Info.plist */ = {isa = PBXFileReference; lastKnownFileType = text.plist.xml; path = Info.plist; sourceTree = "<group>"; };
		C002AF03223F367E0038C3C9 /* FinishJudgerUITests.xctest */ = {isa = PBXFileReference; explicitFileType = wrapper.cfbundle; includeInIndex = 0; path = FinishJudgerUITests.xctest; sourceTree = BUILT_PRODUCTS_DIR; };
		C002AF07223F367E0038C3C9 /* FinishJudgerUITests.swift */ = {isa = PBXFileReference; lastKnownFileType = sourcecode.swift; path = FinishJudgerUITests.swift; sourceTree = "<group>"; };
		C002AF09223F367E0038C3C9 /* Info.plist */ = {isa = PBXFileReference; lastKnownFileType = text.plist.xml; path = Info.plist; sourceTree = "<group>"; };
		C06D9EFB223FE8D300BF6EAE /* CameraView.swift */ = {isa = PBXFileReference; lastKnownFileType = sourcecode.swift; path = CameraView.swift; sourceTree = "<group>"; };
		C06D9EFF224086CD00BF6EAE /* VideoPlayViewController.swift */ = {isa = PBXFileReference; lastKnownFileType = sourcecode.swift; path = VideoPlayViewController.swift; sourceTree = "<group>"; };
/* End PBXFileReference section */

/* Begin PBXFrameworksBuildPhase section */
		C002AEE1223F367C0038C3C9 /* Frameworks */ = {
			isa = PBXFrameworksBuildPhase;
			buildActionMask = 2147483647;
			files = (
			);
			runOnlyForDeploymentPostprocessing = 0;
		};
		C002AEF5223F367E0038C3C9 /* Frameworks */ = {
			isa = PBXFrameworksBuildPhase;
			buildActionMask = 2147483647;
			files = (
			);
			runOnlyForDeploymentPostprocessing = 0;
		};
		C002AF00223F367E0038C3C9 /* Frameworks */ = {
			isa = PBXFrameworksBuildPhase;
			buildActionMask = 2147483647;
			files = (
			);
			runOnlyForDeploymentPostprocessing = 0;
		};
/* End PBXFrameworksBuildPhase section */

/* Begin PBXGroup section */
		C002AEDB223F367C0038C3C9 = {
			isa = PBXGroup;
			children = (
				C002AEE6223F367C0038C3C9 /* FinishJudger */,
				C002AEFB223F367E0038C3C9 /* FinishJudgerTests */,
				C002AF06223F367E0038C3C9 /* FinishJudgerUITests */,
				C002AEE5223F367C0038C3C9 /* Products */,
			);
			sourceTree = "<group>";
		};
		C002AEE5223F367C0038C3C9 /* Products */ = {
			isa = PBXGroup;
			children = (
				C002AEE4223F367C0038C3C9 /* FinishJudger.app */,
				C002AEF8223F367E0038C3C9 /* FinishJudgerTests.xctest */,
				C002AF03223F367E0038C3C9 /* FinishJudgerUITests.xctest */,
			);
			name = Products;
			sourceTree = "<group>";
		};
		C002AEE6223F367C0038C3C9 /* FinishJudger */ = {
			isa = PBXGroup;
			children = (
				C06D9EFE223FE90200BF6EAE /* Camera */,
				C002AEE7223F367C0038C3C9 /* AppDelegate.swift */,
				C002AEE9223F367C0038C3C9 /* CameraViewController.swift */,
				C002AEEB223F367C0038C3C9 /* Main.storyboard */,
				C002AEEE223F367E0038C3C9 /* Assets.xcassets */,
				C002AEF0223F367E0038C3C9 /* LaunchScreen.storyboard */,
				C002AEF3223F367E0038C3C9 /* Info.plist */,
				C06D9F02224086E800BF6EAE /* VideoAnalysis */,
			);
			path = FinishJudger;
			sourceTree = "<group>";
		};
		C002AEFB223F367E0038C3C9 /* FinishJudgerTests */ = {
			isa = PBXGroup;
			children = (
				C002AEFC223F367E0038C3C9 /* FinishJudgerTests.swift */,
				C002AEFE223F367E0038C3C9 /* Info.plist */,
			);
			path = FinishJudgerTests;
			sourceTree = "<group>";
		};
		C002AF06223F367E0038C3C9 /* FinishJudgerUITests */ = {
			isa = PBXGroup;
			children = (
				C002AF07223F367E0038C3C9 /* FinishJudgerUITests.swift */,
				C002AF09223F367E0038C3C9 /* Info.plist */,
			);
			path = FinishJudgerUITests;
			sourceTree = "<group>";
		};
		C06D9EFE223FE90200BF6EAE /* Camera */ = {
			isa = PBXGroup;
			children = (
				C06D9EFB223FE8D300BF6EAE /* CameraView.swift */,
			);
			path = Camera;
			sourceTree = "<group>";
		};
		C06D9F02224086E800BF6EAE /* VideoAnalysis */ = {
			isa = PBXGroup;
			children = (
				C06D9EFF224086CD00BF6EAE /* VideoPlayViewController.swift */,
			);
			path = VideoAnalysis;
			sourceTree = "<group>";
		};
/* End PBXGroup section */

/* Begin PBXNativeTarget section */
		C002AEE3223F367C0038C3C9 /* FinishJudger */ = {
			isa = PBXNativeTarget;
			buildConfigurationList = C002AF0C223F367E0038C3C9 /* Build configuration list for PBXNativeTarget "FinishJudger" */;
			buildPhases = (
				C002AEE0223F367C0038C3C9 /* Sources */,
				C002AEE1223F367C0038C3C9 /* Frameworks */,
				C002AEE2223F367C0038C3C9 /* Resources */,
			);
			buildRules = (
			);
			dependencies = (
			);
			name = FinishJudger;
			productName = FinishJudger;
			productReference = C002AEE4223F367C0038C3C9 /* FinishJudger.app */;
			productType = "com.apple.product-type.application";
		};
		C002AEF7223F367E0038C3C9 /* FinishJudgerTests */ = {
			isa = PBXNativeTarget;
			buildConfigurationList = C002AF0F223F367E0038C3C9 /* Build configuration list for PBXNativeTarget "FinishJudgerTests" */;
			buildPhases = (
				C002AEF4223F367E0038C3C9 /* Sources */,
				C002AEF5223F367E0038C3C9 /* Frameworks */,
				C002AEF6223F367E0038C3C9 /* Resources */,
			);
			buildRules = (
			);
			dependencies = (
				C002AEFA223F367E0038C3C9 /* PBXTargetDependency */,
			);
			name = FinishJudgerTests;
			productName = FinishJudgerTests;
			productReference = C002AEF8223F367E0038C3C9 /* FinishJudgerTests.xctest */;
			productType = "com.apple.product-type.bundle.unit-test";
		};
		C002AF02223F367E0038C3C9 /* FinishJudgerUITests */ = {
			isa = PBXNativeTarget;
			buildConfigurationList = C002AF12223F367E0038C3C9 /* Build configuration list for PBXNativeTarget "FinishJudgerUITests" */;
			buildPhases = (
				C002AEFF223F367E0038C3C9 /* Sources */,
				C002AF00223F367E0038C3C9 /* Frameworks */,
				C002AF01223F367E0038C3C9 /* Resources */,
			);
			buildRules = (
			);
			dependencies = (
				C002AF05223F367E0038C3C9 /* PBXTargetDependency */,
			);
			name = FinishJudgerUITests;
			productName = FinishJudgerUITests;
			productReference = C002AF03223F367E0038C3C9 /* FinishJudgerUITests.xctest */;
			productType = "com.apple.product-type.bundle.ui-testing";
		};
/* End PBXNativeTarget section */

/* Begin PBXProject section */
		C002AEDC223F367C0038C3C9 /* Project object */ = {
			isa = PBXProject;
			attributes = {
				LastSwiftUpdateCheck = 1010;
				LastUpgradeCheck = 1010;
				ORGANIZATIONNAME = Comet;
				TargetAttributes = {
					C002AEE3223F367C0038C3C9 = {
						CreatedOnToolsVersion = 10.1;
					};
					C002AEF7223F367E0038C3C9 = {
						CreatedOnToolsVersion = 10.1;
						TestTargetID = C002AEE3223F367C0038C3C9;
					};
					C002AF02223F367E0038C3C9 = {
						CreatedOnToolsVersion = 10.1;
						TestTargetID = C002AEE3223F367C0038C3C9;
					};
				};
			};
			buildConfigurationList = C002AEDF223F367C0038C3C9 /* Build configuration list for PBXProject "FinishJudger" */;
			compatibilityVersion = "Xcode 9.3";
			developmentRegion = en;
			hasScannedForEncodings = 0;
			knownRegions = (
				en,
				Base,
			);
			mainGroup = C002AEDB223F367C0038C3C9;
			productRefGroup = C002AEE5223F367C0038C3C9 /* Products */;
			projectDirPath = "";
			projectRoot = "";
			targets = (
				C002AEE3223F367C0038C3C9 /* FinishJudger */,
				C002AEF7223F367E0038C3C9 /* FinishJudgerTests */,
				C002AF02223F367E0038C3C9 /* FinishJudgerUITests */,
			);
		};
/* End PBXProject section */

/* Begin PBXResourcesBuildPhase section */
		C002AEE2223F367C0038C3C9 /* Resources */ = {
			isa = PBXResourcesBuildPhase;
			buildActionMask = 2147483647;
			files = (
				C002AEF2223F367E0038C3C9 /* LaunchScreen.storyboard in Resources */,
				C002AEEF223F367E0038C3C9 /* Assets.xcassets in Resources */,
				C002AEED223F367C0038C3C9 /* Main.storyboard in Resources */,
			);
			runOnlyForDeploymentPostprocessing = 0;
		};
		C002AEF6223F367E0038C3C9 /* Resources */ = {
			isa = PBXResourcesBuildPhase;
			buildActionMask = 2147483647;
			files = (
			);
			runOnlyForDeploymentPostprocessing = 0;
		};
		C002AF01223F367E0038C3C9 /* Resources */ = {
			isa = PBXResourcesBuildPhase;
			buildActionMask = 2147483647;
			files = (
			);
			runOnlyForDeploymentPostprocessing = 0;
		};
/* End PBXResourcesBuildPhase section */

/* Begin PBXSourcesBuildPhase section */
		C002AEE0223F367C0038C3C9 /* Sources */ = {
			isa = PBXSourcesBuildPhase;
			buildActionMask = 2147483647;
			files = (
				C06D9F00224086CD00BF6EAE /* VideoPlayViewController.swift in Sources */,
				C06D9EFC223FE8D300BF6EAE /* CameraView.swift in Sources */,
				C002AEEA223F367C0038C3C9 /* CameraViewController.swift in Sources */,
				C002AEE8223F367C0038C3C9 /* AppDelegate.swift in Sources */,
			);
			runOnlyForDeploymentPostprocessing = 0;
		};
		C002AEF4223F367E0038C3C9 /* Sources */ = {
			isa = PBXSourcesBuildPhase;
			buildActionMask = 2147483647;
			files = (
				C002AEFD223F367E0038C3C9 /* FinishJudgerTests.swift in Sources */,
			);
			runOnlyForDeploymentPostprocessing = 0;
		};
		C002AEFF223F367E0038C3C9 /* Sources */ = {
			isa = PBXSourcesBuildPhase;
			buildActionMask = 2147483647;
			files = (
				C002AF08223F367E0038C3C9 /* FinishJudgerUITests.swift in Sources */,
			);
			runOnlyForDeploymentPostprocessing = 0;
		};
/* End PBXSourcesBuildPhase section */

/* Begin PBXTargetDependency section */
		C002AEFA223F367E0038C3C9 /* PBXTargetDependency */ = {
			isa = PBXTargetDependency;
			target = C002AEE3223F367C0038C3C9 /* FinishJudger */;
			targetProxy = C002AEF9223F367E0038C3C9 /* PBXContainerItemProxy */;
		};
		C002AF05223F367E0038C3C9 /* PBXTargetDependency */ = {
			isa = PBXTargetDependency;
			target = C002AEE3223F367C0038C3C9 /* FinishJudger */;
			targetProxy = C002AF04223F367E0038C3C9 /* PBXContainerItemProxy */;
		};
/* End PBXTargetDependency section */

/* Begin PBXVariantGroup section */
		C002AEEB223F367C0038C3C9 /* Main.storyboard */ = {
			isa = PBXVariantGroup;
			children = (
				C002AEEC223F367C0038C3C9 /* Base */,
			);
			name = Main.storyboard;
			sourceTree = "<group>";
		};
		C002AEF0223F367E0038C3C9 /* LaunchScreen.storyboard */ = {
			isa = PBXVariantGroup;
			children = (
				C002AEF1223F367E0038C3C9 /* Base */,
			);
			name = LaunchScreen.storyboard;
			sourceTree = "<group>";
		};
/* End PBXVariantGroup section */

/* Begin XCBuildConfiguration section */
		C002AF0A223F367E0038C3C9 /* Debug */ = {
			isa = XCBuildConfiguration;
			buildSettings = {
				ALWAYS_SEARCH_USER_PATHS = NO;
				CLANG_ANALYZER_NONNULL = YES;
				CLANG_ANALYZER_NUMBER_OBJECT_CONVERSION = YES_AGGRESSIVE;
				CLANG_CXX_LANGUAGE_STANDARD = "gnu++14";
				CLANG_CXX_LIBRARY = "libc++";
				CLANG_ENABLE_MODULES = YES;
				CLANG_ENABLE_OBJC_ARC = YES;
				CLANG_ENABLE_OBJC_WEAK = YES;
				CLANG_WARN_BLOCK_CAPTURE_AUTORELEASING = YES;
				CLANG_WARN_BOOL_CONVERSION = YES;
				CLANG_WARN_COMMA = YES;
				CLANG_WARN_CONSTANT_CONVERSION = YES;
				CLANG_WARN_DEPRECATED_OBJC_IMPLEMENTATIONS = YES;
				CLANG_WARN_DIRECT_OBJC_ISA_USAGE = YES_ERROR;
				CLANG_WARN_DOCUMENTATION_COMMENTS = YES;
				CLANG_WARN_EMPTY_BODY = YES;
				CLANG_WARN_ENUM_CONVERSION = YES;
				CLANG_WARN_INFINITE_RECURSION = YES;
				CLANG_WARN_INT_CONVERSION = YES;
				CLANG_WARN_NON_LITERAL_NULL_CONVERSION = YES;
				CLANG_WARN_OBJC_IMPLICIT_RETAIN_SELF = YES;
				CLANG_WARN_OBJC_LITERAL_CONVERSION = YES;
				CLANG_WARN_OBJC_ROOT_CLASS = YES_ERROR;
				CLANG_WARN_RANGE_LOOP_ANALYSIS = YES;
				CLANG_WARN_STRICT_PROTOTYPES = YES;
				CLANG_WARN_SUSPICIOUS_MOVE = YES;
				CLANG_WARN_UNGUARDED_AVAILABILITY = YES_AGGRESSIVE;
				CLANG_WARN_UNREACHABLE_CODE = YES;
				CLANG_WARN__DUPLICATE_METHOD_MATCH = YES;
				CODE_SIGN_IDENTITY = "iPhone Developer";
				COPY_PHASE_STRIP = NO;
				DEBUG_INFORMATION_FORMAT = dwarf;
				ENABLE_STRICT_OBJC_MSGSEND = YES;
				ENABLE_TESTABILITY = YES;
				GCC_C_LANGUAGE_STANDARD = gnu11;
				GCC_DYNAMIC_NO_PIC = NO;
				GCC_NO_COMMON_BLOCKS = YES;
				GCC_OPTIMIZATION_LEVEL = 0;
				GCC_PREPROCESSOR_DEFINITIONS = (
					"DEBUG=1",
					"$(inherited)",
				);
				GCC_WARN_64_TO_32_BIT_CONVERSION = YES;
				GCC_WARN_ABOUT_RETURN_TYPE = YES_ERROR;
				GCC_WARN_UNDECLARED_SELECTOR = YES;
				GCC_WARN_UNINITIALIZED_AUTOS = YES_AGGRESSIVE;
				GCC_WARN_UNUSED_FUNCTION = YES;
				GCC_WARN_UNUSED_VARIABLE = YES;
				IPHONEOS_DEPLOYMENT_TARGET = 12.1;
				MTL_ENABLE_DEBUG_INFO = INCLUDE_SOURCE;
				MTL_FAST_MATH = YES;
				ONLY_ACTIVE_ARCH = YES;
				SDKROOT = iphoneos;
				SWIFT_ACTIVE_COMPILATION_CONDITIONS = DEBUG;
				SWIFT_OPTIMIZATION_LEVEL = "-Onone";
			};
			name = Debug;
		};
		C002AF0B223F367E0038C3C9 /* Release */ = {
			isa = XCBuildConfiguration;
			buildSettings = {
				ALWAYS_SEARCH_USER_PATHS = NO;
				CLANG_ANALYZER_NONNULL = YES;
				CLANG_ANALYZER_NUMBER_OBJECT_CONVERSION = YES_AGGRESSIVE;
				CLANG_CXX_LANGUAGE_STANDARD = "gnu++14";
				CLANG_CXX_LIBRARY = "libc++";
				CLANG_ENABLE_MODULES = YES;
				CLANG_ENABLE_OBJC_ARC = YES;
				CLANG_ENABLE_OBJC_WEAK = YES;
				CLANG_WARN_BLOCK_CAPTURE_AUTORELEASING = YES;
				CLANG_WARN_BOOL_CONVERSION = YES;
				CLANG_WARN_COMMA = YES;
				CLANG_WARN_CONSTANT_CONVERSION = YES;
				CLANG_WARN_DEPRECATED_OBJC_IMPLEMENTATIONS = YES;
				CLANG_WARN_DIRECT_OBJC_ISA_USAGE = YES_ERROR;
				CLANG_WARN_DOCUMENTATION_COMMENTS = YES;
				CLANG_WARN_EMPTY_BODY = YES;
				CLANG_WARN_ENUM_CONVERSION = YES;
				CLANG_WARN_INFINITE_RECURSION = YES;
				CLANG_WARN_INT_CONVERSION = YES;
				CLANG_WARN_NON_LITERAL_NULL_CONVERSION = YES;
				CLANG_WARN_OBJC_IMPLICIT_RETAIN_SELF = YES;
				CLANG_WARN_OBJC_LITERAL_CONVERSION = YES;
				CLANG_WARN_OBJC_ROOT_CLASS = YES_ERROR;
				CLANG_WARN_RANGE_LOOP_ANALYSIS = YES;
				CLANG_WARN_STRICT_PROTOTYPES = YES;
				CLANG_WARN_SUSPICIOUS_MOVE = YES;
				CLANG_WARN_UNGUARDED_AVAILABILITY = YES_AGGRESSIVE;
				CLANG_WARN_UNREACHABLE_CODE = YES;
				CLANG_WARN__DUPLICATE_METHOD_MATCH = YES;
				CODE_SIGN_IDENTITY = "iPhone Developer";
				COPY_PHASE_STRIP = NO;
				DEBUG_INFORMATION_FORMAT = "dwarf-with-dsym";
				ENABLE_NS_ASSERTIONS = NO;
				ENABLE_STRICT_OBJC_MSGSEND = YES;
				GCC_C_LANGUAGE_STANDARD = gnu11;
				GCC_NO_COMMON_BLOCKS = YES;
				GCC_WARN_64_TO_32_BIT_CONVERSION = YES;
				GCC_WARN_ABOUT_RETURN_TYPE = YES_ERROR;
				GCC_WARN_UNDECLARED_SELECTOR = YES;
				GCC_WARN_UNINITIALIZED_AUTOS = YES_AGGRESSIVE;
				GCC_WARN_UNUSED_FUNCTION = YES;
				GCC_WARN_UNUSED_VARIABLE = YES;
				IPHONEOS_DEPLOYMENT_TARGET = 12.1;
				MTL_ENABLE_DEBUG_INFO = NO;
				MTL_FAST_MATH = YES;
				SDKROOT = iphoneos;
				SWIFT_COMPILATION_MODE = wholemodule;
				SWIFT_OPTIMIZATION_LEVEL = "-O";
				VALIDATE_PRODUCT = YES;
			};
			name = Release;
		};
		C002AF0D223F367E0038C3C9 /* Debug */ = {
			isa = XCBuildConfiguration;
			buildSettings = {
				ASSETCATALOG_COMPILER_APPICON_NAME = AppIcon;
				CODE_SIGN_STYLE = Automatic;
				DEVELOPMENT_TEAM = B425UL339A;
				INFOPLIST_FILE = FinishJudger/Info.plist;
				LD_RUNPATH_SEARCH_PATHS = (
					"$(inherited)",
					"@executable_path/Frameworks",
				);
				PRODUCT_BUNDLE_IDENTIFIER = sammy.sports.FinishJudger;
				PRODUCT_NAME = "$(TARGET_NAME)";
				SWIFT_VERSION = 4.2;
				TARGETED_DEVICE_FAMILY = "1,2";
			};
			name = Debug;
		};
		C002AF0E223F367E0038C3C9 /* Release */ = {
			isa = XCBuildConfiguration;
			buildSettings = {
				ASSETCATALOG_COMPILER_APPICON_NAME = AppIcon;
				CODE_SIGN_STYLE = Automatic;
				DEVELOPMENT_TEAM = B425UL339A;
				INFOPLIST_FILE = FinishJudger/Info.plist;
				LD_RUNPATH_SEARCH_PATHS = (
					"$(inherited)",
					"@executable_path/Frameworks",
				);
				PRODUCT_BUNDLE_IDENTIFIER = sammy.sports.FinishJudger;
				PRODUCT_NAME = "$(TARGET_NAME)";
				SWIFT_VERSION = 4.2;
				TARGETED_DEVICE_FAMILY = "1,2";
			};
			name = Release;
		};
		C002AF10223F367E0038C3C9 /* Debug */ = {
			isa = XCBuildConfiguration;
			buildSettings = {
				ALWAYS_EMBED_SWIFT_STANDARD_LIBRARIES = YES;
				BUNDLE_LOADER = "$(TEST_HOST)";
				CODE_SIGN_STYLE = Automatic;
				DEVELOPMENT_TEAM = B425UL339A;
				INFOPLIST_FILE = FinishJudgerTests/Info.plist;
				LD_RUNPATH_SEARCH_PATHS = (
					"$(inherited)",
					"@executable_path/Frameworks",
					"@loader_path/Frameworks",
				);
				PRODUCT_BUNDLE_IDENTIFIER = sammy.sports.FinishJudgerTests;
				PRODUCT_NAME = "$(TARGET_NAME)";
				SWIFT_VERSION = 4.2;
				TARGETED_DEVICE_FAMILY = "1,2";
				TEST_HOST = "$(BUILT_PRODUCTS_DIR)/FinishJudger.app/FinishJudger";
			};
			name = Debug;
		};
		C002AF11223F367E0038C3C9 /* Release */ = {
			isa = XCBuildConfiguration;
			buildSettings = {
				ALWAYS_EMBED_SWIFT_STANDARD_LIBRARIES = YES;
				BUNDLE_LOADER = "$(TEST_HOST)";
				CODE_SIGN_STYLE = Automatic;
				DEVELOPMENT_TEAM = B425UL339A;
				INFOPLIST_FILE = FinishJudgerTests/Info.plist;
				LD_RUNPATH_SEARCH_PATHS = (
					"$(inherited)",
					"@executable_path/Frameworks",
					"@loader_path/Frameworks",
				);
				PRODUCT_BUNDLE_IDENTIFIER = sammy.sports.FinishJudgerTests;
				PRODUCT_NAME = "$(TARGET_NAME)";
				SWIFT_VERSION = 4.2;
				TARGETED_DEVICE_FAMILY = "1,2";
				TEST_HOST = "$(BUILT_PRODUCTS_DIR)/FinishJudger.app/FinishJudger";
			};
			name = Release;
		};
		C002AF13223F367E0038C3C9 /* Debug */ = {
			isa = XCBuildConfiguration;
			buildSettings = {
				ALWAYS_EMBED_SWIFT_STANDARD_LIBRARIES = YES;
				CODE_SIGN_STYLE = Automatic;
				DEVELOPMENT_TEAM = B425UL339A;
				INFOPLIST_FILE = FinishJudgerUITests/Info.plist;
				LD_RUNPATH_SEARCH_PATHS = (
					"$(inherited)",
					"@executable_path/Frameworks",
					"@loader_path/Frameworks",
				);
				PRODUCT_BUNDLE_IDENTIFIER = sammy.sports.FinishJudgerUITests;
				PRODUCT_NAME = "$(TARGET_NAME)";
				SWIFT_VERSION = 4.2;
				TARGETED_DEVICE_FAMILY = "1,2";
				TEST_TARGET_NAME = FinishJudger;
			};
			name = Debug;
		};
		C002AF14223F367E0038C3C9 /* Release */ = {
			isa = XCBuildConfiguration;
			buildSettings = {
				ALWAYS_EMBED_SWIFT_STANDARD_LIBRARIES = YES;
				CODE_SIGN_STYLE = Automatic;
				DEVELOPMENT_TEAM = B425UL339A;
				INFOPLIST_FILE = FinishJudgerUITests/Info.plist;
				LD_RUNPATH_SEARCH_PATHS = (
					"$(inherited)",
					"@executable_path/Frameworks",
					"@loader_path/Frameworks",
				);
				PRODUCT_BUNDLE_IDENTIFIER = sammy.sports.FinishJudgerUITests;
				PRODUCT_NAME = "$(TARGET_NAME)";
				SWIFT_VERSION = 4.2;
				TARGETED_DEVICE_FAMILY = "1,2";
				TEST_TARGET_NAME = FinishJudger;
			};
			name = Release;
		};
/* End XCBuildConfiguration section */

/* Begin XCConfigurationList section */
		C002AEDF223F367C0038C3C9 /* Build configuration list for PBXProject "FinishJudger" */ = {
			isa = XCConfigurationList;
			buildConfigurations = (
				C002AF0A223F367E0038C3C9 /* Debug */,
				C002AF0B223F367E0038C3C9 /* Release */,
			);
			defaultConfigurationIsVisible = 0;
			defaultConfigurationName = Release;
		};
		C002AF0C223F367E0038C3C9 /* Build configuration list for PBXNativeTarget "FinishJudger" */ = {
			isa = XCConfigurationList;
			buildConfigurations = (
				C002AF0D223F367E0038C3C9 /* Debug */,
				C002AF0E223F367E0038C3C9 /* Release */,
			);
			defaultConfigurationIsVisible = 0;
			defaultConfigurationName = Release;
		};
		C002AF0F223F367E0038C3C9 /* Build configuration list for PBXNativeTarget "FinishJudgerTests" */ = {
			isa = XCConfigurationList;
			buildConfigurations = (
				C002AF10223F367E0038C3C9 /* Debug */,
				C002AF11223F367E0038C3C9 /* Release */,
			);
			defaultConfigurationIsVisible = 0;
			defaultConfigurationName = Release;
		};
		C002AF12223F367E0038C3C9 /* Build configuration list for PBXNativeTarget "FinishJudgerUITests" */ = {
			isa = XCConfigurationList;
			buildConfigurations = (
				C002AF13223F367E0038C3C9 /* Debug */,
				C002AF14223F367E0038C3C9 /* Release */,
			);
			defaultConfigurationIsVisible = 0;
			defaultConfigurationName = Release;
		};
/* End XCConfigurationList section */
	};
	rootObject = C002AEDC223F367C0038C3C9 /* Project object */;
}
